
Microsoft Visual Studio Solution File, Format Version 12.00
# Visual Studio Version 17
VisualStudioVersion = 17.13.35825.156 d17.13
MinimumVisualStudioVersion = 10.0.40219.1
Project("{FAE04EC0-301F-11D3-BF4B-00C04F79EFBC}") = "lab10", "lab10\lab10.csproj", "{EF396246-98DE-4E72-BDE9-8CF5E25FE5C9}"
EndProject
Global
	GlobalSection(SolutionConfigurationPlatforms) = preSolution
		Debug|Any CPU = Debug|Any CPU
		Release|Any CPU = Release|Any CPU
	EndGlobalSection
	GlobalSection(ProjectConfigurationPlatforms) = postSolution
		{EF396246-98DE-4E72-BDE9-8CF5E25FE5C9}.Debug|Any CPU.ActiveCfg = Debug|Any CPU
		{EF396246-98DE-4E72-BDE9-8CF5E25FE5C9}.Debug|Any CPU.Build.0 = Debug|Any CPU
		{EF396246-98DE-4E72-BDE9-8CF5E25FE5C9}.Release|Any CPU.ActiveCfg = Release|Any CPU
		{EF396246-98DE-4E72-BDE9-8CF5E25FE5C9}.Release|Any CPU.Build.0 = Release|Any CPU
	EndGlobalSection
	GlobalSection(SolutionProperties) = preSolution
		HideSolutionNode = FALSE
	EndGlobalSection
	GlobalSection(ExtensibilityGlobals) = postSolution
		SolutionGuid = {526745BC-9566-498D-BA0F-3C0202FBF02B}
	EndGlobalSection
EndGlobal
