
Microsoft Visual Studio Solution File, Format Version 12.00
# Visual Studio Version 17
VisualStudioVersion = 17.13.35825.156 d17.13
MinimumVisualStudioVersion = 10.0.40219.1
Project("{FAE04EC0-301F-11D3-BF4B-00C04F79EFBC}") = "Laba1", "Laba1\Laba1.csproj", "{4D63DB0C-DB8E-4E8C-89F2-7891BF712F6D}"
EndProject
Project("{FAE04EC0-301F-11D3-BF4B-00C04F79EFBC}") = "ConsoleApp1", "ConsoleApp1\ConsoleApp1.csproj", "{CFF7D533-93D6-473D-84B1-EBA7CB363088}"
EndProject
Global
	GlobalSection(SolutionConfigurationPlatforms) = preSolution
		Debug|Any CPU = Debug|Any CPU
		Release|Any CPU = Release|Any CPU
	EndGlobalSection
	GlobalSection(ProjectConfigurationPlatforms) = postSolution
		{4D63DB0C-DB8E-4E8C-89F2-7891BF712F6D}.Debug|Any CPU.ActiveCfg = Debug|Any CPU
		{4D63DB0C-DB8E-4E8C-89F2-7891BF712F6D}.Debug|Any CPU.Build.0 = Debug|Any CPU
		{4D63DB0C-DB8E-4E8C-89F2-7891BF712F6D}.Release|Any CPU.ActiveCfg = Release|Any CPU
		{4D63DB0C-DB8E-4E8C-89F2-7891BF712F6D}.Release|Any CPU.Build.0 = Release|Any CPU
		{CFF7D533-93D6-473D-84B1-EBA7CB363088}.Debug|Any CPU.ActiveCfg = Debug|Any CPU
		{CFF7D533-93D6-473D-84B1-EBA7CB363088}.Debug|Any CPU.Build.0 = Debug|Any CPU
		{CFF7D533-93D6-473D-84B1-EBA7CB363088}.Release|Any CPU.ActiveCfg = Release|Any CPU
		{CFF7D533-93D6-473D-84B1-EBA7CB363088}.Release|Any CPU.Build.0 = Release|Any CPU
	EndGlobalSection
	GlobalSection(SolutionProperties) = preSolution
		HideSolutionNode = FALSE
	EndGlobalSection
	GlobalSection(ExtensibilityGlobals) = postSolution
		SolutionGuid = {864BAD4D-56F9-4D9B-B414-1919418F697E}
	EndGlobalSection
EndGlobal
