
Microsoft Visual Studio Solution File, Format Version 12.00
# Visual Studio Version 17
VisualStudioVersion = 17.13.35825.156 d17.13
MinimumVisualStudioVersion = 10.0.40219.1
Project("{FAE04EC0-301F-11D3-BF4B-00C04F79EFBC}") = "lab4", "lab4\lab4.csproj", "{A7CC98BB-1343-44CD-B114-020B3FE32EA4}"
EndProject
Global
	GlobalSection(SolutionConfigurationPlatforms) = preSolution
		Debug|Any CPU = Debug|Any CPU
		Release|Any CPU = Release|Any CPU
	EndGlobalSection
	GlobalSection(ProjectConfigurationPlatforms) = postSolution
		{A7CC98BB-1343-44CD-B114-020B3FE32EA4}.Debug|Any CPU.ActiveCfg = Debug|Any CPU
		{A7CC98BB-1343-44CD-B114-020B3FE32EA4}.Debug|Any CPU.Build.0 = Debug|Any CPU
		{A7CC98BB-1343-44CD-B114-020B3FE32EA4}.Release|Any CPU.ActiveCfg = Release|Any CPU
		{A7CC98BB-1343-44CD-B114-020B3FE32EA4}.Release|Any CPU.Build.0 = Release|Any CPU
	EndGlobalSection
	GlobalSection(SolutionProperties) = preSolution
		HideSolutionNode = FALSE
	EndGlobalSection
	GlobalSection(ExtensibilityGlobals) = postSolution
		SolutionGuid = {44F953D6-884D-4A27-AF1B-AEEE47B46BD3}
	EndGlobalSection
EndGlobal
