
Microsoft Visual Studio Solution File, Format Version 12.00
# Visual Studio Version 17
VisualStudioVersion = 17.13.35825.156 d17.13
MinimumVisualStudioVersion = 10.0.40219.1
Project("{FAE04EC0-301F-11D3-BF4B-00C04F79EFBC}") = "lab5", "lab5\lab5.csproj", "{F991C7DB-F33A-43DD-902A-55BB90EAD6F7}"
EndProject
Global
	GlobalSection(SolutionConfigurationPlatforms) = preSolution
		Debug|Any CPU = Debug|Any CPU
		Release|Any CPU = Release|Any CPU
	EndGlobalSection
	GlobalSection(ProjectConfigurationPlatforms) = postSolution
		{F991C7DB-F33A-43DD-902A-55BB90EAD6F7}.Debug|Any CPU.ActiveCfg = Debug|Any CPU
		{F991C7DB-F33A-43DD-902A-55BB90EAD6F7}.Debug|Any CPU.Build.0 = Debug|Any CPU
		{F991C7DB-F33A-43DD-902A-55BB90EAD6F7}.Release|Any CPU.ActiveCfg = Release|Any CPU
		{F991C7DB-F33A-43DD-902A-55BB90EAD6F7}.Release|Any CPU.Build.0 = Release|Any CPU
	EndGlobalSection
	GlobalSection(SolutionProperties) = preSolution
		HideSolutionNode = FALSE
	EndGlobalSection
	GlobalSection(ExtensibilityGlobals) = postSolution
		SolutionGuid = {641283AE-2712-45B0-B7BB-F49A13106DE7}
	EndGlobalSection
EndGlobal
