
Microsoft Visual Studio Solution File, Format Version 12.00
# Visual Studio Version 17
VisualStudioVersion = 17.13.35825.156 d17.13
MinimumVisualStudioVersion = 10.0.40219.1
Project("{FAE04EC0-301F-11D3-BF4B-00C04F79EFBC}") = "lab13", "lab13\lab13.csproj", "{93EEEAE9-8115-42FD-B8BD-DFDBEFBD708B}"
EndProject
Global
	GlobalSection(SolutionConfigurationPlatforms) = preSolution
		Debug|Any CPU = Debug|Any CPU
		Release|Any CPU = Release|Any CPU
	EndGlobalSection
	GlobalSection(ProjectConfigurationPlatforms) = postSolution
		{93EEEAE9-8115-42FD-B8BD-DFDBEFBD708B}.Debug|Any CPU.ActiveCfg = Debug|Any CPU
		{93EEEAE9-8115-42FD-B8BD-DFDBEFBD708B}.Debug|Any CPU.Build.0 = Debug|Any CPU
		{93EEEAE9-8115-42FD-B8BD-DFDBEFBD708B}.Release|Any CPU.ActiveCfg = Release|Any CPU
		{93EEEAE9-8115-42FD-B8BD-DFDBEFBD708B}.Release|Any CPU.Build.0 = Release|Any CPU
	EndGlobalSection
	GlobalSection(SolutionProperties) = preSolution
		HideSolutionNode = FALSE
	EndGlobalSection
	GlobalSection(ExtensibilityGlobals) = postSolution
		SolutionGuid = {FBCF9A8E-5F72-4BA8-AD69-EE714123DEAF}
	EndGlobalSection
EndGlobal
