
Microsoft Visual Studio Solution File, Format Version 12.00
# Visual Studio Version 17
VisualStudioVersion = 17.13.35825.156 d17.13
MinimumVisualStudioVersion = 10.0.40219.1
Project("{FAE04EC0-301F-11D3-BF4B-00C04F79EFBC}") = "lab2", "lab2\lab2.csproj", "{D3CAD9F1-5E0A-42BA-9BE6-EAD4B0710298}"
EndProject
Global
	GlobalSection(SolutionConfigurationPlatforms) = preSolution
		Debug|Any CPU = Debug|Any CPU
		Release|Any CPU = Release|Any CPU
	EndGlobalSection
	GlobalSection(ProjectConfigurationPlatforms) = postSolution
		{D3CAD9F1-5E0A-42BA-9BE6-EAD4B0710298}.Debug|Any CPU.ActiveCfg = Debug|Any CPU
		{D3CAD9F1-5E0A-42BA-9BE6-EAD4B0710298}.Debug|Any CPU.Build.0 = Debug|Any CPU
		{D3CAD9F1-5E0A-42BA-9BE6-EAD4B0710298}.Release|Any CPU.ActiveCfg = Release|Any CPU
		{D3CAD9F1-5E0A-42BA-9BE6-EAD4B0710298}.Release|Any CPU.Build.0 = Release|Any CPU
	EndGlobalSection
	GlobalSection(SolutionProperties) = preSolution
		HideSolutionNode = FALSE
	EndGlobalSection
	GlobalSection(ExtensibilityGlobals) = postSolution
		SolutionGuid = {1011F3AF-1DE3-46E5-A531-4E9EF7C2F256}
	EndGlobalSection
EndGlobal
